
Microsoft Visual Studio Solution File, Format Version 12.00
Project("{FAE04EC0-301F-11D3-BF4B-00C04F79EFBC}") = "Task01", "Lesson3\Task01\Task01.csproj", "{DB0747FA-6B6F-4A34-ABF4-AB0DF223963D}"
EndProject
Project("{FAE04EC0-301F-11D3-BF4B-00C04F79EFBC}") = "Task02", "Lesson3\Task02\Task02.csproj", "{E3C82031-4D49-4534-931E-9E550B0BFE5B}"
EndProject
Project("{FAE04EC0-301F-11D3-BF4B-00C04F79EFBC}") = "Task03", "Lesson3\Task03\Task03.csproj", "{1DB8CCD0-709E-44C5-96EF-3611FD62034B}"
EndProject
Project("{FAE04EC0-301F-11D3-BF4B-00C04F79EFBC}") = "Task04", "Lesson3\Task04\Task04.csproj", "{92213AE3-E9D9-423D-AFD6-EADCD6D8D970}"
EndProject
Project("{FAE04EC0-301F-11D3-BF4B-00C04F79EFBC}") = "L04.Task01", "Lesson04_Arrays\L04.Task01\L04.Task01.csproj", "{976335C3-EBAE-4C7C-9CD0-77D0AEDCDCE8}"
EndProject
Project("{FAE04EC0-301F-11D3-BF4B-00C04F79EFBC}") = "L04.Task02", "Lesson04_Arrays\L04.Task02\L04.Task02.csproj", "{6308B581-9080-4607-9469-CE1E73837D4B}"
EndProject
Project("{FAE04EC0-301F-11D3-BF4B-00C04F79EFBC}") = "L04.Task03", "Lesson04_Arrays\L04.Task03\L04.Task03.csproj", "{CD97C65F-140D-443B-A88F-0DFD498DC6B4}"
EndProject
Project("{FAE04EC0-301F-11D3-BF4B-00C04F79EFBC}") = "L04.Task04", "Lesson04_Arrays\L04.Task04\L04.Task04.csproj", "{4FAD670C-21C6-4668-BF28-7BEA623E8ED8}"
EndProject
Project("{FAE04EC0-301F-11D3-BF4B-00C04F79EFBC}") = "L04.Task05", "Lesson04_Arrays\L04.Task05\L04.Task05.csproj", "{22B866A6-49AA-407B-BEB6-DE526C01036C}"
EndProject
Global
	GlobalSection(SolutionConfigurationPlatforms) = preSolution
		Debug|Any CPU = Debug|Any CPU
		Release|Any CPU = Release|Any CPU
	EndGlobalSection
	GlobalSection(ProjectConfigurationPlatforms) = postSolution
		{DB0747FA-6B6F-4A34-ABF4-AB0DF223963D}.Debug|Any CPU.ActiveCfg = Debug|Any CPU
		{DB0747FA-6B6F-4A34-ABF4-AB0DF223963D}.Debug|Any CPU.Build.0 = Debug|Any CPU
		{DB0747FA-6B6F-4A34-ABF4-AB0DF223963D}.Release|Any CPU.ActiveCfg = Release|Any CPU
		{DB0747FA-6B6F-4A34-ABF4-AB0DF223963D}.Release|Any CPU.Build.0 = Release|Any CPU
		{E3C82031-4D49-4534-931E-9E550B0BFE5B}.Debug|Any CPU.ActiveCfg = Debug|Any CPU
		{E3C82031-4D49-4534-931E-9E550B0BFE5B}.Debug|Any CPU.Build.0 = Debug|Any CPU
		{E3C82031-4D49-4534-931E-9E550B0BFE5B}.Release|Any CPU.ActiveCfg = Release|Any CPU
		{E3C82031-4D49-4534-931E-9E550B0BFE5B}.Release|Any CPU.Build.0 = Release|Any CPU
		{1DB8CCD0-709E-44C5-96EF-3611FD62034B}.Debug|Any CPU.ActiveCfg = Debug|Any CPU
		{1DB8CCD0-709E-44C5-96EF-3611FD62034B}.Debug|Any CPU.Build.0 = Debug|Any CPU
		{1DB8CCD0-709E-44C5-96EF-3611FD62034B}.Release|Any CPU.ActiveCfg = Release|Any CPU
		{1DB8CCD0-709E-44C5-96EF-3611FD62034B}.Release|Any CPU.Build.0 = Release|Any CPU
		{92213AE3-E9D9-423D-AFD6-EADCD6D8D970}.Debug|Any CPU.ActiveCfg = Debug|Any CPU
		{92213AE3-E9D9-423D-AFD6-EADCD6D8D970}.Debug|Any CPU.Build.0 = Debug|Any CPU
		{92213AE3-E9D9-423D-AFD6-EADCD6D8D970}.Release|Any CPU.ActiveCfg = Release|Any CPU
		{92213AE3-E9D9-423D-AFD6-EADCD6D8D970}.Release|Any CPU.Build.0 = Release|Any CPU
		{976335C3-EBAE-4C7C-9CD0-77D0AEDCDCE8}.Debug|Any CPU.ActiveCfg = Debug|Any CPU
		{976335C3-EBAE-4C7C-9CD0-77D0AEDCDCE8}.Debug|Any CPU.Build.0 = Debug|Any CPU
		{976335C3-EBAE-4C7C-9CD0-77D0AEDCDCE8}.Release|Any CPU.ActiveCfg = Release|Any CPU
		{976335C3-EBAE-4C7C-9CD0-77D0AEDCDCE8}.Release|Any CPU.Build.0 = Release|Any CPU
		{6308B581-9080-4607-9469-CE1E73837D4B}.Debug|Any CPU.ActiveCfg = Debug|Any CPU
		{6308B581-9080-4607-9469-CE1E73837D4B}.Debug|Any CPU.Build.0 = Debug|Any CPU
		{6308B581-9080-4607-9469-CE1E73837D4B}.Release|Any CPU.ActiveCfg = Release|Any CPU
		{6308B581-9080-4607-9469-CE1E73837D4B}.Release|Any CPU.Build.0 = Release|Any CPU
		{CD97C65F-140D-443B-A88F-0DFD498DC6B4}.Debug|Any CPU.ActiveCfg = Debug|Any CPU
		{CD97C65F-140D-443B-A88F-0DFD498DC6B4}.Debug|Any CPU.Build.0 = Debug|Any CPU
		{CD97C65F-140D-443B-A88F-0DFD498DC6B4}.Release|Any CPU.ActiveCfg = Release|Any CPU
		{CD97C65F-140D-443B-A88F-0DFD498DC6B4}.Release|Any CPU.Build.0 = Release|Any CPU
		{4FAD670C-21C6-4668-BF28-7BEA623E8ED8}.Debug|Any CPU.ActiveCfg = Debug|Any CPU
		{4FAD670C-21C6-4668-BF28-7BEA623E8ED8}.Debug|Any CPU.Build.0 = Debug|Any CPU
		{4FAD670C-21C6-4668-BF28-7BEA623E8ED8}.Release|Any CPU.ActiveCfg = Release|Any CPU
		{4FAD670C-21C6-4668-BF28-7BEA623E8ED8}.Release|Any CPU.Build.0 = Release|Any CPU
		{22B866A6-49AA-407B-BEB6-DE526C01036C}.Debug|Any CPU.ActiveCfg = Debug|Any CPU
		{22B866A6-49AA-407B-BEB6-DE526C01036C}.Debug|Any CPU.Build.0 = Debug|Any CPU
		{22B866A6-49AA-407B-BEB6-DE526C01036C}.Release|Any CPU.ActiveCfg = Release|Any CPU
		{22B866A6-49AA-407B-BEB6-DE526C01036C}.Release|Any CPU.Build.0 = Release|Any CPU
	EndGlobalSection
EndGlobal
